// !$*UTF8*$!
{
	archiveVersion = 1;
	classes = {
	};
	objectVersion = 77;
	objects = {

/* Begin PBXBuildFile section */
		844628972EA0E748006470F7 /* PostgREST in Frameworks */ = {isa = PBXBuildFile; productRef = 844628962EA0E748006470F7 /* PostgREST */; };
		844628992EA0E748006470F7 /* Realtime in Frameworks */ = {isa = PBXBuildFile; productRef = 844628982EA0E748006470F7 /* Realtime */; };
		844628AD2EA1F777006470F7 /* Supabase in Frameworks */ = {isa = PBXBuildFile; productRef = 844628AC2EA1F777006470F7 /* Supabase */; };
		844628BF2EA5D7FA006470F7 /* Auth in Frameworks */ = {isa = PBXBuildFile; productRef = 844628BE2EA5D7FA006470F7 /* Auth */; };
		844628C62EA60E4E006470F7 /* Differentiator in Frameworks */ = {isa = PBXBuildFile; productRef = 844628C52EA60E4E006470F7 /* Differentiator */; };
		844628C82EA60E4E006470F7 /* RxDataSources in Frameworks */ = {isa = PBXBuildFile; productRef = 844628C72EA60E4E006470F7 /* RxDataSources */; };
		844629062EA8B436006470F7 /* SwipeCellKit in Frameworks */ = {isa = PBXBuildFile; productRef = 844629052EA8B436006470F7 /* SwipeCellKit */; };
		8446290D2EA8CDF0006470F7 /* IQKeyboardManagerSwift in Frameworks */ = {isa = PBXBuildFile; productRef = 8446290C2EA8CDF0006470F7 /* IQKeyboardManagerSwift */; };
		844629EF2EAF53A0006470F7 /* MBProgressHUD in Frameworks */ = {isa = PBXBuildFile; productRef = 844629EE2EAF53A0006470F7 /* MBProgressHUD */; };
		844629F42EAF5F32006470F7 /* SwiftyBeaver in Frameworks */ = {isa = PBXBuildFile; productRef = 844629F32EAF5F32006470F7 /* SwiftyBeaver */; };
		848168442E9F9EC200E91A6D /* RxCocoa in Frameworks */ = {isa = PBXBuildFile; productRef = 848168432E9F9EC200E91A6D /* RxCocoa */; };
		848168462E9F9EC200E91A6D /* RxRelay in Frameworks */ = {isa = PBXBuildFile; productRef = 848168452E9F9EC200E91A6D /* RxRelay */; };
		848168482E9F9EC200E91A6D /* RxSwift in Frameworks */ = {isa = PBXBuildFile; productRef = 848168472E9F9EC200E91A6D /* RxSwift */; };
/* End PBXBuildFile section */

/* Begin PBXFileReference section */
		848EAA502E9CFCE6002755FE /* Todo_App.app */ = {isa = PBXFileReference; explicitFileType = wrapper.application; includeInIndex = 0; path = Todo_App.app; sourceTree = BUILT_PRODUCTS_DIR; };
/* End PBXFileReference section */

/* Begin PBXFileSystemSynchronizedBuildFileExceptionSet section */
		848EAA622E9CFCE8002755FE /* Exceptions for "Todo_App" folder in "Todo_App" target */ = {
			isa = PBXFileSystemSynchronizedBuildFileExceptionSet;
			membershipExceptions = (
				Info.plist,
			);
			target = 848EAA4F2E9CFCE6002755FE /* Todo_App */;
		};
/* End PBXFileSystemSynchronizedBuildFileExceptionSet section */

/* Begin PBXFileSystemSynchronizedRootGroup section */
		848EAA522E9CFCE6002755FE /* Todo_App */ = {
			isa = PBXFileSystemSynchronizedRootGroup;
			exceptions = (
				848EAA622E9CFCE8002755FE /* Exceptions for "Todo_App" folder in "Todo_App" target */,
			);
			path = Todo_App;
			sourceTree = "<group>";
		};
/* End PBXFileSystemSynchronizedRootGroup section */

/* Begin PBXFrameworksBuildPhase section */
		848EAA4D2E9CFCE6002755FE /* Frameworks */ = {
			isa = PBXFrameworksBuildPhase;
			buildActionMask = 2147483647;
			files = (
				844628972EA0E748006470F7 /* PostgREST in Frameworks */,
				848168482E9F9EC200E91A6D /* RxSwift in Frameworks */,
				844628AD2EA1F777006470F7 /* Supabase in Frameworks */,
				844628BF2EA5D7FA006470F7 /* Auth in Frameworks */,
				844628C62EA60E4E006470F7 /* Differentiator in Frameworks */,
				848168462E9F9EC200E91A6D /* RxRelay in Frameworks */,
				844629F42EAF5F32006470F7 /* SwiftyBeaver in Frameworks */,
				844629EF2EAF53A0006470F7 /* MBProgressHUD in Frameworks */,
				844628C82EA60E4E006470F7 /* RxDataSources in Frameworks */,
				844628992EA0E748006470F7 /* Realtime in Frameworks */,
				844629062EA8B436006470F7 /* SwipeCellKit in Frameworks */,
				8446290D2EA8CDF0006470F7 /* IQKeyboardManagerSwift in Frameworks */,
				848168442E9F9EC200E91A6D /* RxCocoa in Frameworks */,
			);
			runOnlyForDeploymentPostprocessing = 0;
		};
/* End PBXFrameworksBuildPhase section */

/* Begin PBXGroup section */
		848EAA472E9CFCE5002755FE = {
			isa = PBXGroup;
			children = (
				848EAA522E9CFCE6002755FE /* Todo_App */,
				848EAA512E9CFCE6002755FE /* Products */,
			);
			sourceTree = "<group>";
		};
		848EAA512E9CFCE6002755FE /* Products */ = {
			isa = PBXGroup;
			children = (
				848EAA502E9CFCE6002755FE /* Todo_App.app */,
			);
			name = Products;
			sourceTree = "<group>";
		};
/* End PBXGroup section */

/* Begin PBXNativeTarget section */
		848EAA4F2E9CFCE6002755FE /* Todo_App */ = {
			isa = PBXNativeTarget;
			buildConfigurationList = 848EAA632E9CFCE8002755FE /* Build configuration list for PBXNativeTarget "Todo_App" */;
			buildPhases = (
				848EAA4C2E9CFCE6002755FE /* Sources */,
				848EAA4D2E9CFCE6002755FE /* Frameworks */,
				848EAA4E2E9CFCE6002755FE /* Resources */,
			);
			buildRules = (
			);
			dependencies = (
			);
			fileSystemSynchronizedGroups = (
				848EAA522E9CFCE6002755FE /* Todo_App */,
			);
			name = Todo_App;
			packageProductDependencies = (
				848168432E9F9EC200E91A6D /* RxCocoa */,
				848168452E9F9EC200E91A6D /* RxRelay */,
				848168472E9F9EC200E91A6D /* RxSwift */,
				844628962EA0E748006470F7 /* PostgREST */,
				844628982EA0E748006470F7 /* Realtime */,
				844628AC2EA1F777006470F7 /* Supabase */,
				844628BE2EA5D7FA006470F7 /* Auth */,
				844628C52EA60E4E006470F7 /* Differentiator */,
				844628C72EA60E4E006470F7 /* RxDataSources */,
				844629052EA8B436006470F7 /* SwipeCellKit */,
				8446290C2EA8CDF0006470F7 /* IQKeyboardManagerSwift */,
				844629EE2EAF53A0006470F7 /* MBProgressHUD */,
				844629F32EAF5F32006470F7 /* SwiftyBeaver */,
			);
			productName = Todo_App;
			productReference = 848EAA502E9CFCE6002755FE /* Todo_App.app */;
			productType = "com.apple.product-type.application";
		};
/* End PBXNativeTarget section */

/* Begin PBXProject section */
		848EAA482E9CFCE6002755FE /* Project object */ = {
			isa = PBXProject;
			attributes = {
				BuildIndependentTargetsInParallel = 1;
				LastSwiftUpdateCheck = 2600;
				LastUpgradeCheck = 2600;
				TargetAttributes = {
					848EAA4F2E9CFCE6002755FE = {
						CreatedOnToolsVersion = 26.0.1;
					};
				};
			};
			buildConfigurationList = 848EAA4B2E9CFCE6002755FE /* Build configuration list for PBXProject "Todo_App" */;
			developmentRegion = en;
			hasScannedForEncodings = 0;
			knownRegions = (
				en,
				Base,
			);
			mainGroup = 848EAA472E9CFCE5002755FE;
			minimizedProjectReferenceProxies = 1;
			packageReferences = (
				848168422E9F9EC100E91A6D /* XCRemoteSwiftPackageReference "RxSwift" */,
				844628952EA0E748006470F7 /* XCRemoteSwiftPackageReference "supabase-swift" */,
				844628C42EA60E4E006470F7 /* XCRemoteSwiftPackageReference "RxDataSources" */,
				844629042EA8B436006470F7 /* XCRemoteSwiftPackageReference "SwipeCellKit" */,
				8446290B2EA8CDEF006470F7 /* XCRemoteSwiftPackageReference "IQKeyboardManager" */,
				844629ED2EAF53A0006470F7 /* XCRemoteSwiftPackageReference "MBProgressHUD" */,
				844629F22EAF5F32006470F7 /* XCRemoteSwiftPackageReference "SwiftyBeaver" */,
			);
			preferredProjectObjectVersion = 77;
			productRefGroup = 848EAA512E9CFCE6002755FE /* Products */;
			projectDirPath = "";
			projectRoot = "";
			targets = (
				848EAA4F2E9CFCE6002755FE /* Todo_App */,
			);
		};
/* End PBXProject section */

/* Begin PBXResourcesBuildPhase section */
		848EAA4E2E9CFCE6002755FE /* Resources */ = {
			isa = PBXResourcesBuildPhase;
			buildActionMask = 2147483647;
			files = (
			);
			runOnlyForDeploymentPostprocessing = 0;
		};
/* End PBXResourcesBuildPhase section */

/* Begin PBXSourcesBuildPhase section */
		848EAA4C2E9CFCE6002755FE /* Sources */ = {
			isa = PBXSourcesBuildPhase;
			buildActionMask = 2147483647;
			files = (
			);
			runOnlyForDeploymentPostprocessing = 0;
		};
/* End PBXSourcesBuildPhase section */

/* Begin XCBuildConfiguration section */
		848EAA642E9CFCE8002755FE /* Debug */ = {
			isa = XCBuildConfiguration;
			baseConfigurationReferenceAnchor = 848EAA522E9CFCE6002755FE /* Todo_App */;
			baseConfigurationReferenceRelativePath = Config.xcconfig;
			buildSettings = {
				ASSETCATALOG_COMPILER_APPICON_NAME = AppIcon;
				ASSETCATALOG_COMPILER_GLOBAL_ACCENT_COLOR_NAME = AccentColor;
				CODE_SIGN_STYLE = Automatic;
				CURRENT_PROJECT_VERSION = 1;
				GENERATE_INFOPLIST_FILE = YES;
				INFOPLIST_FILE = Todo_App/Info.plist;
				INFOPLIST_KEY_LSApplicationCategoryType = "";
				INFOPLIST_KEY_UIApplicationSupportsIndirectInputEvents = YES;
				INFOPLIST_KEY_UILaunchStoryboardName = LaunchScreen;
				INFOPLIST_KEY_UIMainStoryboardFile = Main;
				INFOPLIST_KEY_UISupportedInterfaceOrientations_iPad = "UIInterfaceOrientationPortrait UIInterfaceOrientationPortraitUpsideDown UIInterfaceOrientationLandscapeLeft UIInterfaceOrientationLandscapeRight";
				INFOPLIST_KEY_UISupportedInterfaceOrientations_iPhone = "UIInterfaceOrientationPortrait UIInterfaceOrientationLandscapeLeft UIInterfaceOrientationLandscapeRight";
				LD_RUNPATH_SEARCH_PATHS = (
					"$(inherited)",
					"@executable_path/Frameworks",
				);
				MARKETING_VERSION = 1.0;
				PRODUCT_BUNDLE_IDENTIFIER = "newwave.intern.Todo-App";
				PRODUCT_NAME = "$(TARGET_NAME)";
				STRING_CATALOG_GENERATE_SYMBOLS = YES;
				SWIFT_APPROACHABLE_CONCURRENCY = YES;
				SWIFT_DEFAULT_ACTOR_ISOLATION = MainActor;
				SWIFT_EMIT_LOC_STRINGS = YES;
				SWIFT_UPCOMING_FEATURE_MEMBER_IMPORT_VISIBILITY = YES;
				SWIFT_VERSION = 5.0;
				TARGETED_DEVICE_FAMILY = "1,2";
			};
			name = Debug;
		};
		848EAA652E9CFCE8002755FE /* Release */ = {
			isa = XCBuildConfiguration;
			baseConfigurationReferenceAnchor = 848EAA522E9CFCE6002755FE /* Todo_App */;
			baseConfigurationReferenceRelativePath = Config.xcconfig;
			buildSettings = {
				ASSETCATALOG_COMPILER_APPICON_NAME = AppIcon;
				ASSETCATALOG_COMPILER_GLOBAL_ACCENT_COLOR_NAME = AccentColor;
				CODE_SIGN_STYLE = Automatic;
				CURRENT_PROJECT_VERSION = 1;
				GENERATE_INFOPLIST_FILE = YES;
				INFOPLIST_FILE = Todo_App/Info.plist;
				INFOPLIST_KEY_LSApplicationCategoryType = "";
				INFOPLIST_KEY_UIApplicationSupportsIndirectInputEvents = YES;
				INFOPLIST_KEY_UILaunchStoryboardName = LaunchScreen;
				INFOPLIST_KEY_UIMainStoryboardFile = Main;
				INFOPLIST_KEY_UISupportedInterfaceOrientations_iPad = "UIInterfaceOrientationPortrait UIInterfaceOrientationPortraitUpsideDown UIInterfaceOrientationLandscapeLeft UIInterfaceOrientationLandscapeRight";
				INFOPLIST_KEY_UISupportedInterfaceOrientations_iPhone = "UIInterfaceOrientationPortrait UIInterfaceOrientationLandscapeLeft UIInterfaceOrientationLandscapeRight";
				LD_RUNPATH_SEARCH_PATHS = (
					"$(inherited)",
					"@executable_path/Frameworks",
				);
				MARKETING_VERSION = 1.0;
				PRODUCT_BUNDLE_IDENTIFIER = "newwave.intern.Todo-App";
				PRODUCT_NAME = "$(TARGET_NAME)";
				STRING_CATALOG_GENERATE_SYMBOLS = YES;
				SWIFT_APPROACHABLE_CONCURRENCY = YES;
				SWIFT_DEFAULT_ACTOR_ISOLATION = MainActor;
				SWIFT_EMIT_LOC_STRINGS = YES;
				SWIFT_UPCOMING_FEATURE_MEMBER_IMPORT_VISIBILITY = YES;
				SWIFT_VERSION = 5.0;
				TARGETED_DEVICE_FAMILY = "1,2";
			};
			name = Release;
		};
		848EAA662E9CFCE8002755FE /* Debug */ = {
			isa = XCBuildConfiguration;
			buildSettings = {
				ALWAYS_SEARCH_USER_PATHS = NO;
				ASSETCATALOG_COMPILER_GENERATE_SWIFT_ASSET_SYMBOL_EXTENSIONS = YES;
				CLANG_ANALYZER_NONNULL = YES;
				CLANG_ANALYZER_NUMBER_OBJECT_CONVERSION = YES_AGGRESSIVE;
				CLANG_CXX_LANGUAGE_STANDARD = "gnu++20";
				CLANG_ENABLE_MODULES = YES;
				CLANG_ENABLE_OBJC_ARC = YES;
				CLANG_ENABLE_OBJC_WEAK = YES;
				CLANG_WARN_BLOCK_CAPTURE_AUTORELEASING = YES;
				CLANG_WARN_BOOL_CONVERSION = YES;
				CLANG_WARN_COMMA = YES;
				CLANG_WARN_CONSTANT_CONVERSION = YES;
				CLANG_WARN_DEPRECATED_OBJC_IMPLEMENTATIONS = YES;
				CLANG_WARN_DIRECT_OBJC_ISA_USAGE = YES_ERROR;
				CLANG_WARN_DOCUMENTATION_COMMENTS = YES;
				CLANG_WARN_EMPTY_BODY = YES;
				CLANG_WARN_ENUM_CONVERSION = YES;
				CLANG_WARN_INFINITE_RECURSION = YES;
				CLANG_WARN_INT_CONVERSION = YES;
				CLANG_WARN_NON_LITERAL_NULL_CONVERSION = YES;
				CLANG_WARN_OBJC_IMPLICIT_RETAIN_SELF = YES;
				CLANG_WARN_OBJC_LITERAL_CONVERSION = YES;
				CLANG_WARN_OBJC_ROOT_CLASS = YES_ERROR;
				CLANG_WARN_QUOTED_INCLUDE_IN_FRAMEWORK_HEADER = YES;
				CLANG_WARN_RANGE_LOOP_ANALYSIS = YES;
				CLANG_WARN_STRICT_PROTOTYPES = YES;
				CLANG_WARN_SUSPICIOUS_MOVE = YES;
				CLANG_WARN_UNGUARDED_AVAILABILITY = YES_AGGRESSIVE;
				CLANG_WARN_UNREACHABLE_CODE = YES;
				CLANG_WARN__DUPLICATE_METHOD_MATCH = YES;
				COPY_PHASE_STRIP = NO;
				DEBUG_INFORMATION_FORMAT = dwarf;
				ENABLE_STRICT_OBJC_MSGSEND = YES;
				ENABLE_TESTABILITY = YES;
				ENABLE_USER_SCRIPT_SANDBOXING = YES;
				GCC_C_LANGUAGE_STANDARD = gnu17;
				GCC_DYNAMIC_NO_PIC = NO;
				GCC_NO_COMMON_BLOCKS = YES;
				GCC_OPTIMIZATION_LEVEL = 0;
				GCC_PREPROCESSOR_DEFINITIONS = (
					"DEBUG=1",
					"$(inherited)",
				);
				GCC_WARN_64_TO_32_BIT_CONVERSION = YES;
				GCC_WARN_ABOUT_RETURN_TYPE = YES_ERROR;
				GCC_WARN_UNDECLARED_SELECTOR = YES;
				GCC_WARN_UNINITIALIZED_AUTOS = YES_AGGRESSIVE;
				GCC_WARN_UNUSED_FUNCTION = YES;
				GCC_WARN_UNUSED_VARIABLE = YES;
				IPHONEOS_DEPLOYMENT_TARGET = 26.0;
				LOCALIZATION_PREFERS_STRING_CATALOGS = YES;
				MTL_ENABLE_DEBUG_INFO = INCLUDE_SOURCE;
				MTL_FAST_MATH = YES;
				ONLY_ACTIVE_ARCH = YES;
				SDKROOT = iphoneos;
				SWIFT_ACTIVE_COMPILATION_CONDITIONS = "DEBUG $(inherited)";
				SWIFT_OPTIMIZATION_LEVEL = "-Onone";
			};
			name = Debug;
		};
		848EAA672E9CFCE8002755FE /* Release */ = {
			isa = XCBuildConfiguration;
			buildSettings = {
				ALWAYS_SEARCH_USER_PATHS = NO;
				ASSETCATALOG_COMPILER_GENERATE_SWIFT_ASSET_SYMBOL_EXTENSIONS = YES;
				CLANG_ANALYZER_NONNULL = YES;
				CLANG_ANALYZER_NUMBER_OBJECT_CONVERSION = YES_AGGRESSIVE;
				CLANG_CXX_LANGUAGE_STANDARD = "gnu++20";
				CLANG_ENABLE_MODULES = YES;
				CLANG_ENABLE_OBJC_ARC = YES;
				CLANG_ENABLE_OBJC_WEAK = YES;
				CLANG_WARN_BLOCK_CAPTURE_AUTORELEASING = YES;
				CLANG_WARN_BOOL_CONVERSION = YES;
				CLANG_WARN_COMMA = YES;
				CLANG_WARN_CONSTANT_CONVERSION = YES;
				CLANG_WARN_DEPRECATED_OBJC_IMPLEMENTATIONS = YES;
				CLANG_WARN_DIRECT_OBJC_ISA_USAGE = YES_ERROR;
				CLANG_WARN_DOCUMENTATION_COMMENTS = YES;
				CLANG_WARN_EMPTY_BODY = YES;
				CLANG_WARN_ENUM_CONVERSION = YES;
				CLANG_WARN_INFINITE_RECURSION = YES;
				CLANG_WARN_INT_CONVERSION = YES;
				CLANG_WARN_NON_LITERAL_NULL_CONVERSION = YES;
				CLANG_WARN_OBJC_IMPLICIT_RETAIN_SELF = YES;
				CLANG_WARN_OBJC_LITERAL_CONVERSION = YES;
				CLANG_WARN_OBJC_ROOT_CLASS = YES_ERROR;
				CLANG_WARN_QUOTED_INCLUDE_IN_FRAMEWORK_HEADER = YES;
				CLANG_WARN_RANGE_LOOP_ANALYSIS = YES;
				CLANG_WARN_STRICT_PROTOTYPES = YES;
				CLANG_WARN_SUSPICIOUS_MOVE = YES;
				CLANG_WARN_UNGUARDED_AVAILABILITY = YES_AGGRESSIVE;
				CLANG_WARN_UNREACHABLE_CODE = YES;
				CLANG_WARN__DUPLICATE_METHOD_MATCH = YES;
				COPY_PHASE_STRIP = NO;
				DEBUG_INFORMATION_FORMAT = "dwarf-with-dsym";
				ENABLE_NS_ASSERTIONS = NO;
				ENABLE_STRICT_OBJC_MSGSEND = YES;
				ENABLE_USER_SCRIPT_SANDBOXING = YES;
				GCC_C_LANGUAGE_STANDARD = gnu17;
				GCC_NO_COMMON_BLOCKS = YES;
				GCC_WARN_64_TO_32_BIT_CONVERSION = YES;
				GCC_WARN_ABOUT_RETURN_TYPE = YES_ERROR;
				GCC_WARN_UNDECLARED_SELECTOR = YES;
				GCC_WARN_UNINITIALIZED_AUTOS = YES_AGGRESSIVE;
				GCC_WARN_UNUSED_FUNCTION = YES;
				GCC_WARN_UNUSED_VARIABLE = YES;
				IPHONEOS_DEPLOYMENT_TARGET = 26.0;
				LOCALIZATION_PREFERS_STRING_CATALOGS = YES;
				MTL_ENABLE_DEBUG_INFO = NO;
				MTL_FAST_MATH = YES;
				SDKROOT = iphoneos;
				SWIFT_COMPILATION_MODE = wholemodule;
				VALIDATE_PRODUCT = YES;
			};
			name = Release;
		};
/* End XCBuildConfiguration section */

/* Begin XCConfigurationList section */
		848EAA4B2E9CFCE6002755FE /* Build configuration list for PBXProject "Todo_App" */ = {
			isa = XCConfigurationList;
			buildConfigurations = (
				848EAA662E9CFCE8002755FE /* Debug */,
				848EAA672E9CFCE8002755FE /* Release */,
			);
			defaultConfigurationIsVisible = 0;
			defaultConfigurationName = Release;
		};
		848EAA632E9CFCE8002755FE /* Build configuration list for PBXNativeTarget "Todo_App" */ = {
			isa = XCConfigurationList;
			buildConfigurations = (
				848EAA642E9CFCE8002755FE /* Debug */,
				848EAA652E9CFCE8002755FE /* Release */,
			);
			defaultConfigurationIsVisible = 0;
			defaultConfigurationName = Release;
		};
/* End XCConfigurationList section */

/* Begin XCRemoteSwiftPackageReference section */
		844628952EA0E748006470F7 /* XCRemoteSwiftPackageReference "supabase-swift" */ = {
			isa = XCRemoteSwiftPackageReference;
			repositoryURL = "https://github.com/supabase-community/supabase-swift.git";
			requirement = {
				kind = upToNextMajorVersion;
				minimumVersion = 2.5.1;
			};
		};
		844628C42EA60E4E006470F7 /* XCRemoteSwiftPackageReference "RxDataSources" */ = {
			isa = XCRemoteSwiftPackageReference;
			repositoryURL = "https://github.com/RxSwiftCommunity/RxDataSources";
			requirement = {
				kind = upToNextMajorVersion;
				minimumVersion = 5.0.2;
			};
		};
		844629042EA8B436006470F7 /* XCRemoteSwiftPackageReference "SwipeCellKit" */ = {
			isa = XCRemoteSwiftPackageReference;
			repositoryURL = "https://github.com/SwipeCellKit/SwipeCellKit";
			requirement = {
				kind = upToNextMajorVersion;
				minimumVersion = 2.7.1;
			};
		};
		8446290B2EA8CDEF006470F7 /* XCRemoteSwiftPackageReference "IQKeyboardManager" */ = {
			isa = XCRemoteSwiftPackageReference;
			repositoryURL = "https://github.com/hackiftekhar/IQKeyboardManager.git";
			requirement = {
				kind = upToNextMajorVersion;
				minimumVersion = 8.0.1;
			};
		};
		844629ED2EAF53A0006470F7 /* XCRemoteSwiftPackageReference "MBProgressHUD" */ = {
			isa = XCRemoteSwiftPackageReference;
			repositoryURL = "https://github.com/jdg/MBProgressHUD";
			requirement = {
				kind = upToNextMajorVersion;
				minimumVersion = 1.2.0;
			};
		};
		844629F22EAF5F32006470F7 /* XCRemoteSwiftPackageReference "SwiftyBeaver" */ = {
			isa = XCRemoteSwiftPackageReference;
			repositoryURL = "https://github.com/SwiftyBeaver/SwiftyBeaver";
			requirement = {
				kind = upToNextMajorVersion;
				minimumVersion = 2.1.1;
			};
		};
		848168422E9F9EC100E91A6D /* XCRemoteSwiftPackageReference "RxSwift" */ = {
			isa = XCRemoteSwiftPackageReference;
			repositoryURL = "https://github.com/ReactiveX/RxSwift.git";
			requirement = {
				kind = upToNextMajorVersion;
				minimumVersion = 6.9.0;
			};
		};
/* End XCRemoteSwiftPackageReference section */

/* Begin XCSwiftPackageProductDependency section */
		844628962EA0E748006470F7 /* PostgREST */ = {
			isa = XCSwiftPackageProductDependency;
			package = 844628952EA0E748006470F7 /* XCRemoteSwiftPackageReference "supabase-swift" */;
			productName = PostgREST;
		};
		844628982EA0E748006470F7 /* Realtime */ = {
			isa = XCSwiftPackageProductDependency;
			package = 844628952EA0E748006470F7 /* XCRemoteSwiftPackageReference "supabase-swift" */;
			productName = Realtime;
		};
		844628AC2EA1F777006470F7 /* Supabase */ = {
			isa = XCSwiftPackageProductDependency;
			package = 844628952EA0E748006470F7 /* XCRemoteSwiftPackageReference "supabase-swift" */;
			productName = Supabase;
		};
		844628BE2EA5D7FA006470F7 /* Auth */ = {
			isa = XCSwiftPackageProductDependency;
			package = 844628952EA0E748006470F7 /* XCRemoteSwiftPackageReference "supabase-swift" */;
			productName = Auth;
		};
		844628C52EA60E4E006470F7 /* Differentiator */ = {
			isa = XCSwiftPackageProductDependency;
			package = 844628C42EA60E4E006470F7 /* XCRemoteSwiftPackageReference "RxDataSources" */;
			productName = Differentiator;
		};
		844628C72EA60E4E006470F7 /* RxDataSources */ = {
			isa = XCSwiftPackageProductDependency;
			package = 844628C42EA60E4E006470F7 /* XCRemoteSwiftPackageReference "RxDataSources" */;
			productName = RxDataSources;
		};
		844629052EA8B436006470F7 /* SwipeCellKit */ = {
			isa = XCSwiftPackageProductDependency;
			package = 844629042EA8B436006470F7 /* XCRemoteSwiftPackageReference "SwipeCellKit" */;
			productName = SwipeCellKit;
		};
		8446290C2EA8CDF0006470F7 /* IQKeyboardManagerSwift */ = {
			isa = XCSwiftPackageProductDependency;
			package = 8446290B2EA8CDEF006470F7 /* XCRemoteSwiftPackageReference "IQKeyboardManager" */;
			productName = IQKeyboardManagerSwift;
		};
		844629EE2EAF53A0006470F7 /* MBProgressHUD */ = {
			isa = XCSwiftPackageProductDependency;
			package = 844629ED2EAF53A0006470F7 /* XCRemoteSwiftPackageReference "MBProgressHUD" */;
			productName = MBProgressHUD;
		};
		844629F32EAF5F32006470F7 /* SwiftyBeaver */ = {
			isa = XCSwiftPackageProductDependency;
			package = 844629F22EAF5F32006470F7 /* XCRemoteSwiftPackageReference "SwiftyBeaver" */;
			productName = SwiftyBeaver;
		};
		848168432E9F9EC200E91A6D /* RxCocoa */ = {
			isa = XCSwiftPackageProductDependency;
			package = 848168422E9F9EC100E91A6D /* XCRemoteSwiftPackageReference "RxSwift" */;
			productName = RxCocoa;
		};
		848168452E9F9EC200E91A6D /* RxRelay */ = {
			isa = XCSwiftPackageProductDependency;
			package = 848168422E9F9EC100E91A6D /* XCRemoteSwiftPackageReference "RxSwift" */;
			productName = RxRelay;
		};
		848168472E9F9EC200E91A6D /* RxSwift */ = {
			isa = XCSwiftPackageProductDependency;
			package = 848168422E9F9EC100E91A6D /* XCRemoteSwiftPackageReference "RxSwift" */;
			productName = RxSwift;
		};
/* End XCSwiftPackageProductDependency section */
	};
	rootObject = 848EAA482E9CFCE6002755FE /* Project object */;
}
